
Microsoft Visual Studio Solution File, Format Version 12.00
# Visual Studio Version 16
VisualStudioVersion = 16.0.33027.164
MinimumVisualStudioVersion = 10.0.40219.1
Project("{FAE04EC0-301F-11D3-BF4B-00C04F79EFBC}") = "DataAccess", "DataAccess\DataAccess.csproj", "{5B4B4A4A-17EF-49C8-BB56-D01D52004D7D}"
EndProject
Project("{FAE04EC0-301F-11D3-BF4B-00C04F79EFBC}") = "Business", "Business\Business.csproj", "{5FAF2BDA-0016-4F26-8359-C9A426F95DEB}"
EndProject
Project("{FAE04EC0-301F-11D3-BF4B-00C04F79EFBC}") = "Entities", "Entities\Entities.csproj", "{BE277D66-AC25-456F-A165-EB9AA799A364}"
EndProject
Project("{FAE04EC0-301F-11D3-BF4B-00C04F79EFBC}") = "ConsoleUI", "ConsoleUI\ConsoleUI.csproj", "{2409BA53-294C-40C9-8CE5-3D1C0A78EF9D}"
EndProject
Global
	GlobalSection(SolutionConfigurationPlatforms) = preSolution
		Debug|Any CPU = Debug|Any CPU
		Release|Any CPU = Release|Any CPU
	EndGlobalSection
	GlobalSection(ProjectConfigurationPlatforms) = postSolution
		{5B4B4A4A-17EF-49C8-BB56-D01D52004D7D}.Debug|Any CPU.ActiveCfg = Debug|Any CPU
		{5B4B4A4A-17EF-49C8-BB56-D01D52004D7D}.Debug|Any CPU.Build.0 = Debug|Any CPU
		{5B4B4A4A-17EF-49C8-BB56-D01D52004D7D}.Release|Any CPU.ActiveCfg = Release|Any CPU
		{5B4B4A4A-17EF-49C8-BB56-D01D52004D7D}.Release|Any CPU.Build.0 = Release|Any CPU
		{5FAF2BDA-0016-4F26-8359-C9A426F95DEB}.Debug|Any CPU.ActiveCfg = Debug|Any CPU
		{5FAF2BDA-0016-4F26-8359-C9A426F95DEB}.Debug|Any CPU.Build.0 = Debug|Any CPU
		{5FAF2BDA-0016-4F26-8359-C9A426F95DEB}.Release|Any CPU.ActiveCfg = Release|Any CPU
		{5FAF2BDA-0016-4F26-8359-C9A426F95DEB}.Release|Any CPU.Build.0 = Release|Any CPU
		{BE277D66-AC25-456F-A165-EB9AA799A364}.Debug|Any CPU.ActiveCfg = Debug|Any CPU
		{BE277D66-AC25-456F-A165-EB9AA799A364}.Debug|Any CPU.Build.0 = Debug|Any CPU
		{BE277D66-AC25-456F-A165-EB9AA799A364}.Release|Any CPU.ActiveCfg = Release|Any CPU
		{BE277D66-AC25-456F-A165-EB9AA799A364}.Release|Any CPU.Build.0 = Release|Any CPU
		{2409BA53-294C-40C9-8CE5-3D1C0A78EF9D}.Debug|Any CPU.ActiveCfg = Debug|Any CPU
		{2409BA53-294C-40C9-8CE5-3D1C0A78EF9D}.Debug|Any CPU.Build.0 = Debug|Any CPU
		{2409BA53-294C-40C9-8CE5-3D1C0A78EF9D}.Release|Any CPU.ActiveCfg = Release|Any CPU
		{2409BA53-294C-40C9-8CE5-3D1C0A78EF9D}.Release|Any CPU.Build.0 = Release|Any CPU
	EndGlobalSection
	GlobalSection(SolutionProperties) = preSolution
		HideSolutionNode = FALSE
	EndGlobalSection
	GlobalSection(ExtensibilityGlobals) = postSolution
		SolutionGuid = {2DE46206-AB45-42B0-A780-C0BC1D77FC05}
	EndGlobalSection
EndGlobal
